
Microsoft Visual Studio Solution File, Format Version 12.00
# Visual Studio 14
VisualStudioVersion = 14.0.25420.1
MinimumVisualStudioVersion = 10.0.40219.1
Project("{FAE04EC0-301F-11D3-BF4B-00C04F79EFBC}") = "Algorithms", "Algorithms\Algorithms.csproj", "{1E597DCD-3A5B-4E27-9C13-3510393CE6DB}"
EndProject
Project("{FAE04EC0-301F-11D3-BF4B-00C04F79EFBC}") = "AlgorithmsWPF", "AlgorithmsWPF\AlgorithmsWPF.csproj", "{7DA93983-92B9-4C2A-87A0-D2154B0F9B44}"
EndProject
Global
	GlobalSection(SolutionConfigurationPlatforms) = preSolution
		Debug|Any CPU = Debug|Any CPU
		Release|Any CPU = Release|Any CPU
	EndGlobalSection
	GlobalSection(ProjectConfigurationPlatforms) = postSolution
		{1E597DCD-3A5B-4E27-9C13-3510393CE6DB}.Debug|Any CPU.ActiveCfg = Debug|Any CPU
		{1E597DCD-3A5B-4E27-9C13-3510393CE6DB}.Debug|Any CPU.Build.0 = Debug|Any CPU
		{1E597DCD-3A5B-4E27-9C13-3510393CE6DB}.Release|Any CPU.ActiveCfg = Release|Any CPU
		{1E597DCD-3A5B-4E27-9C13-3510393CE6DB}.Release|Any CPU.Build.0 = Release|Any CPU
		{7DA93983-92B9-4C2A-87A0-D2154B0F9B44}.Debug|Any CPU.ActiveCfg = Debug|Any CPU
		{7DA93983-92B9-4C2A-87A0-D2154B0F9B44}.Debug|Any CPU.Build.0 = Debug|Any CPU
		{7DA93983-92B9-4C2A-87A0-D2154B0F9B44}.Release|Any CPU.ActiveCfg = Release|Any CPU
		{7DA93983-92B9-4C2A-87A0-D2154B0F9B44}.Release|Any CPU.Build.0 = Release|Any CPU
	EndGlobalSection
	GlobalSection(SolutionProperties) = preSolution
		HideSolutionNode = FALSE
	EndGlobalSection
EndGlobal
