
Microsoft Visual Studio Solution File, Format Version 12.00
# Visual Studio 2012
Project("{FAE04EC0-301F-11D3-BF4B-00C04F79EFBC}") = "Regex", "Regex\Regex.csproj", "{DC570B02-D28B-4C9F-9946-38A25C1C1BAB}"
EndProject
Global
	GlobalSection(SolutionConfigurationPlatforms) = preSolution
		Debug|x86 = Debug|x86
		Release|x86 = Release|x86
	EndGlobalSection
	GlobalSection(ProjectConfigurationPlatforms) = postSolution
		{DC570B02-D28B-4C9F-9946-38A25C1C1BAB}.Debug|x86.ActiveCfg = Debug|x86
		{DC570B02-D28B-4C9F-9946-38A25C1C1BAB}.Debug|x86.Build.0 = Debug|x86
		{DC570B02-D28B-4C9F-9946-38A25C1C1BAB}.Release|x86.ActiveCfg = Release|x86
		{DC570B02-D28B-4C9F-9946-38A25C1C1BAB}.Release|x86.Build.0 = Release|x86
	EndGlobalSection
EndGlobal
