
Microsoft Visual Studio Solution File, Format Version 12.00
# Visual Studio 15
VisualStudioVersion = 15.0.26430.16
MinimumVisualStudioVersion = 10.0.40219.1
Project("{FAE04EC0-301F-11D3-BF4B-00C04F79EFBC}") = "DesignPatterns", "DesignPatterns\DesignPatterns.csproj", "{DE579BD8-0E81-4BEF-A866-D9F44590D9AB}"
EndProject
Project("{FAE04EC0-301F-11D3-BF4B-00C04F79EFBC}") = "DesignPatternsConsole", "DesignPatternsConsole\DesignPatternsConsole.csproj", "{DB88106B-1DE6-4965-8461-83A472E1D72F}"
EndProject
Global
	GlobalSection(SolutionConfigurationPlatforms) = preSolution
		Debug|Any CPU = Debug|Any CPU
		Release|Any CPU = Release|Any CPU
	EndGlobalSection
	GlobalSection(ProjectConfigurationPlatforms) = postSolution
		{DE579BD8-0E81-4BEF-A866-D9F44590D9AB}.Debug|Any CPU.ActiveCfg = Debug|Any CPU
		{DE579BD8-0E81-4BEF-A866-D9F44590D9AB}.Debug|Any CPU.Build.0 = Debug|Any CPU
		{DE579BD8-0E81-4BEF-A866-D9F44590D9AB}.Release|Any CPU.ActiveCfg = Release|Any CPU
		{DE579BD8-0E81-4BEF-A866-D9F44590D9AB}.Release|Any CPU.Build.0 = Release|Any CPU
		{DB88106B-1DE6-4965-8461-83A472E1D72F}.Debug|Any CPU.ActiveCfg = Debug|Any CPU
		{DB88106B-1DE6-4965-8461-83A472E1D72F}.Debug|Any CPU.Build.0 = Debug|Any CPU
		{DB88106B-1DE6-4965-8461-83A472E1D72F}.Release|Any CPU.ActiveCfg = Release|Any CPU
		{DB88106B-1DE6-4965-8461-83A472E1D72F}.Release|Any CPU.Build.0 = Release|Any CPU
	EndGlobalSection
	GlobalSection(SolutionProperties) = preSolution
		HideSolutionNode = FALSE
	EndGlobalSection
EndGlobal
