
Microsoft Visual Studio Solution File, Format Version 12.00
# Visual Studio 15
VisualStudioVersion = 15.0.26430.16
MinimumVisualStudioVersion = 10.0.40219.1
Project("{FAE04EC0-301F-11D3-BF4B-00C04F79EFBC}") = "Commerce.Web", "Commerce.Web\Commerce.Web.csproj", "{1C5E6751-7B24-47AE-8C40-5D0E9A80022F}"
EndProject
Project("{FAE04EC0-301F-11D3-BF4B-00C04F79EFBC}") = "Commerce.Web.Tests", "Commerce.Web.Tests\Commerce.Web.Tests.csproj", "{219E9C01-3185-4F45-801F-C1D4B9B0336B}"
EndProject
Project("{FAE04EC0-301F-11D3-BF4B-00C04F79EFBC}") = "Commerce.Data", "Commerce.Data\Commerce.Data.csproj", "{22584F8D-C210-4DAC-96F5-16CA59211B5E}"
EndProject
Global
	GlobalSection(SolutionConfigurationPlatforms) = preSolution
		Debug|Any CPU = Debug|Any CPU
		Release|Any CPU = Release|Any CPU
	EndGlobalSection
	GlobalSection(ProjectConfigurationPlatforms) = postSolution
		{1C5E6751-7B24-47AE-8C40-5D0E9A80022F}.Debug|Any CPU.ActiveCfg = Debug|Any CPU
		{1C5E6751-7B24-47AE-8C40-5D0E9A80022F}.Debug|Any CPU.Build.0 = Debug|Any CPU
		{1C5E6751-7B24-47AE-8C40-5D0E9A80022F}.Release|Any CPU.ActiveCfg = Release|Any CPU
		{1C5E6751-7B24-47AE-8C40-5D0E9A80022F}.Release|Any CPU.Build.0 = Release|Any CPU
		{219E9C01-3185-4F45-801F-C1D4B9B0336B}.Debug|Any CPU.ActiveCfg = Debug|Any CPU
		{219E9C01-3185-4F45-801F-C1D4B9B0336B}.Debug|Any CPU.Build.0 = Debug|Any CPU
		{219E9C01-3185-4F45-801F-C1D4B9B0336B}.Release|Any CPU.ActiveCfg = Release|Any CPU
		{219E9C01-3185-4F45-801F-C1D4B9B0336B}.Release|Any CPU.Build.0 = Release|Any CPU
		{22584F8D-C210-4DAC-96F5-16CA59211B5E}.Debug|Any CPU.ActiveCfg = Debug|Any CPU
		{22584F8D-C210-4DAC-96F5-16CA59211B5E}.Debug|Any CPU.Build.0 = Debug|Any CPU
		{22584F8D-C210-4DAC-96F5-16CA59211B5E}.Release|Any CPU.ActiveCfg = Release|Any CPU
		{22584F8D-C210-4DAC-96F5-16CA59211B5E}.Release|Any CPU.Build.0 = Release|Any CPU
	EndGlobalSection
	GlobalSection(SolutionProperties) = preSolution
		HideSolutionNode = FALSE
	EndGlobalSection
EndGlobal
