
Microsoft Visual Studio Solution File, Format Version 12.00
# Visual Studio Version 16
VisualStudioVersion = 16.0.29503.13
MinimumVisualStudioVersion = 10.0.40219.1
Project("{FAE04EC0-301F-11D3-BF4B-00C04F79EFBC}") = "AsyncConsole", "AsyncConsole\AsyncConsole.csproj", "{8A483AD2-671D-427D-AD40-1DFE2523A058}"
EndProject
Global
	GlobalSection(SolutionConfigurationPlatforms) = preSolution
		Debug|Any CPU = Debug|Any CPU
		Release|Any CPU = Release|Any CPU
	EndGlobalSection
	GlobalSection(ProjectConfigurationPlatforms) = postSolution
		{8A483AD2-671D-427D-AD40-1DFE2523A058}.Debug|Any CPU.ActiveCfg = Debug|Any CPU
		{8A483AD2-671D-427D-AD40-1DFE2523A058}.Debug|Any CPU.Build.0 = Debug|Any CPU
		{8A483AD2-671D-427D-AD40-1DFE2523A058}.Release|Any CPU.ActiveCfg = Release|Any CPU
		{8A483AD2-671D-427D-AD40-1DFE2523A058}.Release|Any CPU.Build.0 = Release|Any CPU
	EndGlobalSection
	GlobalSection(SolutionProperties) = preSolution
		HideSolutionNode = FALSE
	EndGlobalSection
	GlobalSection(ExtensibilityGlobals) = postSolution
		SolutionGuid = {531C34EF-FA22-4B25-A12C-0C8BC4F42077}
	EndGlobalSection
EndGlobal
