
Microsoft Visual Studio Solution File, Format Version 12.00
# Visual Studio 15
VisualStudioVersion = 15.0.27703.2042
MinimumVisualStudioVersion = 10.0.40219.1
Project("{FAE04EC0-301F-11D3-BF4B-00C04F79EFBC}") = "SampleWebApp", "SampleWebApp\SampleWebApp.csproj", "{4B674EC6-3C1B-4FE6-AA48-6C103C88F8EA}"
EndProject
Global
	GlobalSection(SolutionConfigurationPlatforms) = preSolution
		Debug|Any CPU = Debug|Any CPU
		Release|Any CPU = Release|Any CPU
	EndGlobalSection
	GlobalSection(ProjectConfigurationPlatforms) = postSolution
		{4B674EC6-3C1B-4FE6-AA48-6C103C88F8EA}.Debug|Any CPU.ActiveCfg = Debug|Any CPU
		{4B674EC6-3C1B-4FE6-AA48-6C103C88F8EA}.Debug|Any CPU.Build.0 = Debug|Any CPU
		{4B674EC6-3C1B-4FE6-AA48-6C103C88F8EA}.Release|Any CPU.ActiveCfg = Release|Any CPU
		{4B674EC6-3C1B-4FE6-AA48-6C103C88F8EA}.Release|Any CPU.Build.0 = Release|Any CPU
	EndGlobalSection
	GlobalSection(SolutionProperties) = preSolution
		HideSolutionNode = FALSE
	EndGlobalSection
	GlobalSection(ExtensibilityGlobals) = postSolution
		SolutionGuid = {1548F5FB-98F6-4616-BDC9-CAF8A7CDEC72}
	EndGlobalSection
EndGlobal
