
Microsoft Visual Studio Solution File, Format Version 12.00
# Visual Studio Version 16
VisualStudioVersion = 16.0.29806.167
MinimumVisualStudioVersion = 10.0.40219.1
Project("{FAE04EC0-301F-11D3-BF4B-00C04F79EFBC}") = "Compare", "Compare\Compare.csproj", "{E2FC0193-5828-4AE6-8D2D-A90C68D80BCF}"
EndProject
Global
	GlobalSection(SolutionConfigurationPlatforms) = preSolution
		Debug|Any CPU = Debug|Any CPU
		Release|Any CPU = Release|Any CPU
	EndGlobalSection
	GlobalSection(ProjectConfigurationPlatforms) = postSolution
		{E2FC0193-5828-4AE6-8D2D-A90C68D80BCF}.Debug|Any CPU.ActiveCfg = Debug|Any CPU
		{E2FC0193-5828-4AE6-8D2D-A90C68D80BCF}.Debug|Any CPU.Build.0 = Debug|Any CPU
		{E2FC0193-5828-4AE6-8D2D-A90C68D80BCF}.Release|Any CPU.ActiveCfg = Release|Any CPU
		{E2FC0193-5828-4AE6-8D2D-A90C68D80BCF}.Release|Any CPU.Build.0 = Release|Any CPU
	EndGlobalSection
	GlobalSection(SolutionProperties) = preSolution
		HideSolutionNode = FALSE
	EndGlobalSection
	GlobalSection(ExtensibilityGlobals) = postSolution
		SolutionGuid = {4F834E37-F3F5-437B-ABD3-2F29C1ECCC16}
	EndGlobalSection
EndGlobal
